
Microsoft Visual Studio Solution File, Format Version 12.00
# Visual Studio Version 16
VisualStudioVersion = 16.0.31424.327
MinimumVisualStudioVersion = 10.0.40219.1
Project("{FAE04EC0-301F-11D3-BF4B-00C04F79EFBC}") = "HospitalManagementSystem", "HospitalManagementSystem\HospitalManagementSystem.csproj", "{200BDE8B-B994-4055-9879-4E6FC8D38BCE}"
EndProject
Project("{FAE04EC0-301F-11D3-BF4B-00C04F79EFBC}") = "HospitalManagementHost", "HospitalManagementHost\HospitalManagementHost.csproj", "{24C5A493-FD6C-45FB-90CD-D1B11DCB4E07}"
EndProject
Project("{FAE04EC0-301F-11D3-BF4B-00C04F79EFBC}") = "HospitalManagementClient", "HospitalManagementClient\HospitalManagementClient.csproj", "{51CB35D2-A4F8-4D9D-BA0A-47B05F39B226}"
EndProject
Global
	GlobalSection(SolutionConfigurationPlatforms) = preSolution
		Debug|Any CPU = Debug|Any CPU
		Release|Any CPU = Release|Any CPU
	EndGlobalSection
	GlobalSection(ProjectConfigurationPlatforms) = postSolution
		{200BDE8B-B994-4055-9879-4E6FC8D38BCE}.Debug|Any CPU.ActiveCfg = Debug|Any CPU
		{200BDE8B-B994-4055-9879-4E6FC8D38BCE}.Debug|Any CPU.Build.0 = Debug|Any CPU
		{200BDE8B-B994-4055-9879-4E6FC8D38BCE}.Release|Any CPU.ActiveCfg = Release|Any CPU
		{200BDE8B-B994-4055-9879-4E6FC8D38BCE}.Release|Any CPU.Build.0 = Release|Any CPU
		{24C5A493-FD6C-45FB-90CD-D1B11DCB4E07}.Debug|Any CPU.ActiveCfg = Debug|Any CPU
		{24C5A493-FD6C-45FB-90CD-D1B11DCB4E07}.Debug|Any CPU.Build.0 = Debug|Any CPU
		{24C5A493-FD6C-45FB-90CD-D1B11DCB4E07}.Release|Any CPU.ActiveCfg = Release|Any CPU
		{24C5A493-FD6C-45FB-90CD-D1B11DCB4E07}.Release|Any CPU.Build.0 = Release|Any CPU
		{51CB35D2-A4F8-4D9D-BA0A-47B05F39B226}.Debug|Any CPU.ActiveCfg = Debug|Any CPU
		{51CB35D2-A4F8-4D9D-BA0A-47B05F39B226}.Debug|Any CPU.Build.0 = Debug|Any CPU
		{51CB35D2-A4F8-4D9D-BA0A-47B05F39B226}.Release|Any CPU.ActiveCfg = Release|Any CPU
		{51CB35D2-A4F8-4D9D-BA0A-47B05F39B226}.Release|Any CPU.Build.0 = Release|Any CPU
	EndGlobalSection
	GlobalSection(SolutionProperties) = preSolution
		HideSolutionNode = FALSE
	EndGlobalSection
	GlobalSection(ExtensibilityGlobals) = postSolution
		SolutionGuid = {5406C8EA-E537-4F5E-9CEC-F4A27FE3553B}
	EndGlobalSection
EndGlobal
